repo,commit_sha,date_fetched
https://github.com/SciresM/SunMoonPatches.git,e86b119462dce9b494645fecc90f4860659c8e19,2026-08-29
https://github.com/AnalogMan151/sumoCheatMenu.git,744895988b1d7b76296b6b301d90dfed51b2269f,2026-08-29
https://github.com/biometrix76/AlolanCTRPluginFramework.git,a8883e0b33584c71c3504fd6038c1b3dee3eb43e,2026-08-29
https://github.com/SciresM/SMPatcher.git,a9a7899c63277a8572fc6cfba1cbd559a8f9469e,2026-08-29
https://github.com/rngchan/sun-moon-rng.git,d43d6a30d1ddcce91f802b8881c4ea9ec0439e71,2026-08-29
https://github.com/AlgebraManiacABC/3DS-Decomp-Pipeline.git,621bbce909ad2f9c551563c7443ed80c0123fe77,2026-08-29
https://github.com/AlgebraManiacABC/3ds-Ghidra-Scripts-Java.git,0c0259cbb93985f7a89acfa2e32c46cf6ad64636,2026-08-29
